
Microsoft Visual Studio Solution File, Format Version 12.00
# Visual Studio 14
VisualStudioVersion = 14.0.23107.0
MinimumVisualStudioVersion = 10.0.40219.1
Project("{FAE04EC0-301F-11D3-BF4B-00C04F79EFBC}") = "Snake", "Snake\Snake.csproj", "{D1A5B479-A2F3-4802-9D51-C19A07EA33BA}"
EndProject
Global
	GlobalSection(SolutionConfigurationPlatforms) = preSolution
		Debug|Any CPU = Debug|Any CPU
		Release|Any CPU = Release|Any CPU
	EndGlobalSection
	GlobalSection(ProjectConfigurationPlatforms) = postSolution
		{D1A5B479-A2F3-4802-9D51-C19A07EA33BA}.Debug|Any CPU.ActiveCfg = Debug|Any CPU
		{D1A5B479-A2F3-4802-9D51-C19A07EA33BA}.Debug|Any CPU.Build.0 = Debug|Any CPU
		{D1A5B479-A2F3-4802-9D51-C19A07EA33BA}.Release|Any CPU.ActiveCfg = Release|Any CPU
		{D1A5B479-A2F3-4802-9D51-C19A07EA33BA}.Release|Any CPU.Build.0 = Release|Any CPU
	EndGlobalSection
	GlobalSection(SolutionProperties) = preSolution
		HideSolutionNode = FALSE
	EndGlobalSection
	GlobalSection(MonoDevelopProperties) = preSolution
		Policies = $0
		$0.DotNetNamingPolicy = $1
		$1.DirectoryNamespaceAssociation = PrefixedHierarchical
		$0.StandardHeader = $2
		$0.VersionControlPolicy = $3
	EndGlobalSection
EndGlobal
